
Microsoft Visual Studio Solution File, Format Version 12.00
# Visual Studio Version 17
VisualStudioVersion = 17.6.33801.468
MinimumVisualStudioVersion = 10.0.40219.1
Project("{FAE04EC0-301F-11D3-BF4B-00C04F79EFBC}") = "Q16", "Q16\Q16.csproj", "{5D71532B-6071-4C91-9A83-05EAC53C9967}"
EndProject
Global
	GlobalSection(SolutionConfigurationPlatforms) = preSolution
		Debug|Any CPU = Debug|Any CPU
		Release|Any CPU = Release|Any CPU
	EndGlobalSection
	GlobalSection(ProjectConfigurationPlatforms) = postSolution
		{5D71532B-6071-4C91-9A83-05EAC53C9967}.Debug|Any CPU.ActiveCfg = Debug|Any CPU
		{5D71532B-6071-4C91-9A83-05EAC53C9967}.Debug|Any CPU.Build.0 = Debug|Any CPU
		{5D71532B-6071-4C91-9A83-05EAC53C9967}.Release|Any CPU.ActiveCfg = Release|Any CPU
		{5D71532B-6071-4C91-9A83-05EAC53C9967}.Release|Any CPU.Build.0 = Release|Any CPU
	EndGlobalSection
	GlobalSection(SolutionProperties) = preSolution
		HideSolutionNode = FALSE
	EndGlobalSection
	GlobalSection(ExtensibilityGlobals) = postSolution
		SolutionGuid = {B990199A-4CE9-4B8D-8652-E96C5DE26263}
	EndGlobalSection
EndGlobal
