
Microsoft Visual Studio Solution File, Format Version 12.00
# Visual Studio Version 17
VisualStudioVersion = 17.6.33801.468
MinimumVisualStudioVersion = 10.0.40219.1
Project("{FAE04EC0-301F-11D3-BF4B-00C04F79EFBC}") = "Q7", "Q7\Q7.csproj", "{BC5CF4C8-CB31-4751-ADD1-67780B9DC2E6}"
EndProject
Global
	GlobalSection(SolutionConfigurationPlatforms) = preSolution
		Debug|Any CPU = Debug|Any CPU
		Release|Any CPU = Release|Any CPU
	EndGlobalSection
	GlobalSection(ProjectConfigurationPlatforms) = postSolution
		{BC5CF4C8-CB31-4751-ADD1-67780B9DC2E6}.Debug|Any CPU.ActiveCfg = Debug|Any CPU
		{BC5CF4C8-CB31-4751-ADD1-67780B9DC2E6}.Debug|Any CPU.Build.0 = Debug|Any CPU
		{BC5CF4C8-CB31-4751-ADD1-67780B9DC2E6}.Release|Any CPU.ActiveCfg = Release|Any CPU
		{BC5CF4C8-CB31-4751-ADD1-67780B9DC2E6}.Release|Any CPU.Build.0 = Release|Any CPU
	EndGlobalSection
	GlobalSection(SolutionProperties) = preSolution
		HideSolutionNode = FALSE
	EndGlobalSection
	GlobalSection(ExtensibilityGlobals) = postSolution
		SolutionGuid = {89C25546-E9E0-4F91-B758-955B51155F4E}
	EndGlobalSection
EndGlobal
