
Microsoft Visual Studio Solution File, Format Version 12.00
# Visual Studio Version 17
VisualStudioVersion = 17.6.33801.468
MinimumVisualStudioVersion = 10.0.40219.1
Project("{FAE04EC0-301F-11D3-BF4B-00C04F79EFBC}") = "Q14", "Q14\Q14.csproj", "{13DC56CB-A3AA-4472-912B-6A071F3A6442}"
EndProject
Global
	GlobalSection(SolutionConfigurationPlatforms) = preSolution
		Debug|Any CPU = Debug|Any CPU
		Release|Any CPU = Release|Any CPU
	EndGlobalSection
	GlobalSection(ProjectConfigurationPlatforms) = postSolution
		{13DC56CB-A3AA-4472-912B-6A071F3A6442}.Debug|Any CPU.ActiveCfg = Debug|Any CPU
		{13DC56CB-A3AA-4472-912B-6A071F3A6442}.Debug|Any CPU.Build.0 = Debug|Any CPU
		{13DC56CB-A3AA-4472-912B-6A071F3A6442}.Release|Any CPU.ActiveCfg = Release|Any CPU
		{13DC56CB-A3AA-4472-912B-6A071F3A6442}.Release|Any CPU.Build.0 = Release|Any CPU
	EndGlobalSection
	GlobalSection(SolutionProperties) = preSolution
		HideSolutionNode = FALSE
	EndGlobalSection
	GlobalSection(ExtensibilityGlobals) = postSolution
		SolutionGuid = {092F2884-2C0D-4265-8B01-D9E947D9AFB0}
	EndGlobalSection
EndGlobal
