
Microsoft Visual Studio Solution File, Format Version 12.00
# Visual Studio Version 17
VisualStudioVersion = 17.6.33801.468
MinimumVisualStudioVersion = 10.0.40219.1
Project("{FAE04EC0-301F-11D3-BF4B-00C04F79EFBC}") = "Q10", "Q10\Q10.csproj", "{F4A5F4B5-4956-408B-864A-AB57568E6339}"
EndProject
Global
	GlobalSection(SolutionConfigurationPlatforms) = preSolution
		Debug|Any CPU = Debug|Any CPU
		Release|Any CPU = Release|Any CPU
	EndGlobalSection
	GlobalSection(ProjectConfigurationPlatforms) = postSolution
		{F4A5F4B5-4956-408B-864A-AB57568E6339}.Debug|Any CPU.ActiveCfg = Debug|Any CPU
		{F4A5F4B5-4956-408B-864A-AB57568E6339}.Debug|Any CPU.Build.0 = Debug|Any CPU
		{F4A5F4B5-4956-408B-864A-AB57568E6339}.Release|Any CPU.ActiveCfg = Release|Any CPU
		{F4A5F4B5-4956-408B-864A-AB57568E6339}.Release|Any CPU.Build.0 = Release|Any CPU
	EndGlobalSection
	GlobalSection(SolutionProperties) = preSolution
		HideSolutionNode = FALSE
	EndGlobalSection
	GlobalSection(ExtensibilityGlobals) = postSolution
		SolutionGuid = {C56BBA48-62B4-438B-94A3-7BBC14CBFAF9}
	EndGlobalSection
EndGlobal
